
Microsoft Visual Studio Solution File, Format Version 12.00
# Visual Studio Version 17
VisualStudioVersion = 17.3.32929.385
MinimumVisualStudioVersion = 10.0.40219.1
Project("{FAE04EC0-301F-11D3-BF4B-00C04F79EFBC}") = "FoodCorner", "FoodCorner\FoodCorner.csproj", "{D755B0CE-30FF-4BE1-B636-B8EB76B405FE}"
EndProject
Global
	GlobalSection(SolutionConfigurationPlatforms) = preSolution
		Debug|Any CPU = Debug|Any CPU
		Release|Any CPU = Release|Any CPU
	EndGlobalSection
	GlobalSection(ProjectConfigurationPlatforms) = postSolution
		{D755B0CE-30FF-4BE1-B636-B8EB76B405FE}.Debug|Any CPU.ActiveCfg = Debug|Any CPU
		{D755B0CE-30FF-4BE1-B636-B8EB76B405FE}.Debug|Any CPU.Build.0 = Debug|Any CPU
		{D755B0CE-30FF-4BE1-B636-B8EB76B405FE}.Release|Any CPU.ActiveCfg = Release|Any CPU
		{D755B0CE-30FF-4BE1-B636-B8EB76B405FE}.Release|Any CPU.Build.0 = Release|Any CPU
	EndGlobalSection
	GlobalSection(SolutionProperties) = preSolution
		HideSolutionNode = FALSE
	EndGlobalSection
	GlobalSection(ExtensibilityGlobals) = postSolution
		SolutionGuid = {76E867E5-C103-4EBF-B805-E79C3301217B}
	EndGlobalSection
EndGlobal
